
Microsoft Visual Studio Solution File, Format Version 12.00
# Visual Studio Version 17
VisualStudioVersion = 17.13.35919.96
MinimumVisualStudioVersion = 10.0.40219.1
Project("{FAE04EC0-301F-11D3-BF4B-00C04F79EFBC}") = "AccesoDatos", "AccesoDatos\AccesoDatos.csproj", "{006AFBF6-DC4B-4997-9ADD-3452E51980A5}"
EndProject
Project("{FAE04EC0-301F-11D3-BF4B-00C04F79EFBC}") = "Datos", "Datos\Datos.csproj", "{5588758D-2EF2-4C33-9FC3-F0521533E528}"
EndProject
Project("{FAE04EC0-301F-11D3-BF4B-00C04F79EFBC}") = "Logica", "Logica\Logica.csproj", "{2C65BF20-6FEB-4E43-A8B7-7B6DA65B8157}"
EndProject
Project("{FAE04EC0-301F-11D3-BF4B-00C04F79EFBC}") = "WebServices", "WebServices\WebServices.csproj", "{4B1F0650-066D-41CF-87FC-2688F578085A}"
EndProject
Project("{FAE04EC0-301F-11D3-BF4B-00C04F79EFBC}") = "APIRest", "APIRest\APIRest.csproj", "{817A29D1-FF2A-404B-89C8-63DFF506D063}"
EndProject
Global
	GlobalSection(SolutionConfigurationPlatforms) = preSolution
		Debug|Any CPU = Debug|Any CPU
		Release|Any CPU = Release|Any CPU
	EndGlobalSection
	GlobalSection(ProjectConfigurationPlatforms) = postSolution
		{006AFBF6-DC4B-4997-9ADD-3452E51980A5}.Debug|Any CPU.ActiveCfg = Debug|Any CPU
		{006AFBF6-DC4B-4997-9ADD-3452E51980A5}.Debug|Any CPU.Build.0 = Debug|Any CPU
		{006AFBF6-DC4B-4997-9ADD-3452E51980A5}.Release|Any CPU.ActiveCfg = Release|Any CPU
		{006AFBF6-DC4B-4997-9ADD-3452E51980A5}.Release|Any CPU.Build.0 = Release|Any CPU
		{5588758D-2EF2-4C33-9FC3-F0521533E528}.Debug|Any CPU.ActiveCfg = Debug|Any CPU
		{5588758D-2EF2-4C33-9FC3-F0521533E528}.Debug|Any CPU.Build.0 = Debug|Any CPU
		{5588758D-2EF2-4C33-9FC3-F0521533E528}.Release|Any CPU.ActiveCfg = Release|Any CPU
		{5588758D-2EF2-4C33-9FC3-F0521533E528}.Release|Any CPU.Build.0 = Release|Any CPU
		{2C65BF20-6FEB-4E43-A8B7-7B6DA65B8157}.Debug|Any CPU.ActiveCfg = Debug|Any CPU
		{2C65BF20-6FEB-4E43-A8B7-7B6DA65B8157}.Debug|Any CPU.Build.0 = Debug|Any CPU
		{2C65BF20-6FEB-4E43-A8B7-7B6DA65B8157}.Release|Any CPU.ActiveCfg = Release|Any CPU
		{2C65BF20-6FEB-4E43-A8B7-7B6DA65B8157}.Release|Any CPU.Build.0 = Release|Any CPU
		{4B1F0650-066D-41CF-87FC-2688F578085A}.Debug|Any CPU.ActiveCfg = Debug|Any CPU
		{4B1F0650-066D-41CF-87FC-2688F578085A}.Debug|Any CPU.Build.0 = Debug|Any CPU
		{4B1F0650-066D-41CF-87FC-2688F578085A}.Release|Any CPU.ActiveCfg = Release|Any CPU
		{4B1F0650-066D-41CF-87FC-2688F578085A}.Release|Any CPU.Build.0 = Release|Any CPU
		{817A29D1-FF2A-404B-89C8-63DFF506D063}.Debug|Any CPU.ActiveCfg = Debug|Any CPU
		{817A29D1-FF2A-404B-89C8-63DFF506D063}.Debug|Any CPU.Build.0 = Debug|Any CPU
		{817A29D1-FF2A-404B-89C8-63DFF506D063}.Release|Any CPU.ActiveCfg = Release|Any CPU
		{817A29D1-FF2A-404B-89C8-63DFF506D063}.Release|Any CPU.Build.0 = Release|Any CPU
	EndGlobalSection
	GlobalSection(SolutionProperties) = preSolution
		HideSolutionNode = FALSE
	EndGlobalSection
	GlobalSection(ExtensibilityGlobals) = postSolution
		SolutionGuid = {FDA528EB-F6D3-4EB4-9C6E-A858B33F5140}
	EndGlobalSection
EndGlobal
